{
  "requires": true,
  "lockfileVersion": 1,
  "dependencies": {
    "@types/fluent-ffmpeg": {
      "version": "2.1.24",
      "resolved": "https://registry.npmjs.org/@types/fluent-ffmpeg/-/fluent-ffmpeg-2.1.24.tgz",
      "integrity": "sha512-g5oQO8Jgi2kFS3tTub7wLvfLztr1s8tdXmRd8PiL/hLMLzTIAyMR2sANkTggM/rdEDAg3d63nYRRVepwBiCw5A==",
      "dev": true,
      "requires": {
        "@types/node": "*"
      }
    },
    "@types/google-protobuf": {
      "version": "3.15.12",
      "resolved": "https://registry.npmjs.org/@types/google-protobuf/-/google-protobuf-3.15.12.tgz",
      "integrity": "sha512-40um9QqwHjRS92qnOaDpL7RmDK15NuZYo9HihiJRbYkMQZlWnuH8AdvbMy8/o6lgLmKbDUKa+OALCltHdbOTpQ==",
      "dev": true
    },
    "@types/node": {
      "version": "20.14.2",
      "resolved": "https://registry.npmjs.org/@types/node/-/node-20.14.2.tgz",
      "integrity": "sha512-xyu6WAMVwv6AKFLB+e/7ySZVr/0zLCzOa7rSpq6jNwpqOrUbcACDWC+53d4n2QHOnDou0fbIsg8wZu/sxrnI4Q==",
      "dev": true,
      "requires": {
        "undici-types": "~5.26.4"
      }
    },
    "@types/node-cron": {
      "version": "3.0.11",
      "resolved": "https://registry.npmjs.org/@types/node-cron/-/node-cron-3.0.11.tgz",
      "integrity": "sha512-0ikrnug3/IyneSHqCBeslAhlK2aBfYek1fGo4bP4QnZPmiqSGRK+Oy7ZMisLWkesffJvQ1cqAcBnJC+8+nxIAg==",
      "dev": true
    },
    "@types/unidecode": {
      "version": "0.1.3",
      "resolved": "https://registry.npmjs.org/@types/unidecode/-/unidecode-0.1.3.tgz",
      "integrity": "sha512-7R8zgAf8y1qq5Zif6UIXYR07MHvJIjcQM9Ym2am1YXaWdn9zJltLDwO8HpmIIjHiNT4VMGiNAw+UI9S7OM2foA==",
      "dev": true
    },
    "types-registry": {
      "version": "0.1.685",
      "resolved": "https://registry.npmjs.org/types-registry/-/types-registry-0.1.685.tgz",
      "integrity": "sha512-dC3Nqu/q2Ey8Jj/YV0plEub0oycMiu3VaAf+tf8X5uhtiRS4iF1BubY5cra1LIaKr+fTblxQvoVAYIPeVj1A9g=="
    },
    "undici-types": {
      "version": "5.26.5",
      "resolved": "https://registry.npmjs.org/undici-types/-/undici-types-5.26.5.tgz",
      "integrity": "sha512-JlCMO+ehdEIKqlFxk6IfVoAUVmgz7cU7zD/h9XZ0qzeosSHmUJVOzSQvvYSYWXkFXC+IfLKSIffhv0sVZup6pA==",
      "dev": true
    }
  }
}
